
Microsoft Visual Studio Solution File, Format Version 12.00
# Visual Studio 14
VisualStudioVersion = 14.0.25420.1
MinimumVisualStudioVersion = 10.0.40219.1
Project("{D954291E-2A0B-460D-934E-DC6B0785DB48}") = "IoTDemoClient", "IoTDemoClient\IoTDemoClient\IoTDemoClient.shproj", "{075ADEA1-1803-4F1A-8576-5C4F31CD125A}"
EndProject
Project("{FAE04EC0-301F-11D3-BF4B-00C04F79EFBC}") = "IoTDemoClient.Droid", "IoTDemoClient\IoTDemoClient.Droid\IoTDemoClient.Droid.csproj", "{1A682272-FF29-475E-99DC-B7BCFA961AB3}"
EndProject
Project("{FAE04EC0-301F-11D3-BF4B-00C04F79EFBC}") = "IoTDemoClient.iOS", "IoTDemoClient\IoTDemoClient.iOS\IoTDemoClient.iOS.csproj", "{12DD7D36-BA65-44CE-B833-55A73ED43184}"
EndProject
Project("{FAE04EC0-301F-11D3-BF4B-00C04F79EFBC}") = "IoTDemoClient.WinPhone", "IoTDemoClient\IoTDemoClient.WinPhone\IoTDemoClient.WinPhone.csproj", "{8D312048-3FAA-4090-A42E-749B73C66CB3}"
EndProject
Project("{FAE04EC0-301F-11D3-BF4B-00C04F79EFBC}") = "IoTDemoClient.UWP", "IoTDemoClient\IoTDemoClient.UWP\IoTDemoClient.UWP.csproj", "{AAF06B67-3538-4323-AD95-5DB6C55C08C7}"
EndProject
Project("{FAE04EC0-301F-11D3-BF4B-00C04F79EFBC}") = "IoTDemoClient.Windows", "IoTDemoClient\IoTDemoClient.Windows\IoTDemoClient.Windows.csproj", "{CF700E99-5F39-41ED-BA2D-D106F8126FC4}"
EndProject
Project("{FAE04EC0-301F-11D3-BF4B-00C04F79EFBC}") = "iotDemoWeb", "iotDemoWeb\iotDemoWeb.csproj", "{20EA275D-D989-4B67-B615-0BAB36BF93A8}"
EndProject
Project("{33AD0EE8-D99B-4E14-8CD9-3F56ABEF97A2}") = "IoTfx", "IoTfx\IoTfx.funproj", "{59B2A9B6-0BB0-4F57-A46E-56280C9CFFEE}"
EndProject
Project("{FAE04EC0-301F-11D3-BF4B-00C04F79EFBC}") = "IoTDeviceConsole", "IoTDeviceConsole\IoTDeviceConsole.csproj", "{5CED7538-15E4-4694-BDB4-DF2C10256CA5}"
EndProject
Project("{FAE04EC0-301F-11D3-BF4B-00C04F79EFBC}") = "IoTHubReaderConsole", "IoTHubReaderConsole\IoTHubReaderConsole.csproj", "{19B4C543-B1E0-4F90-9EAE-FE4C406F1334}"
EndProject
Project("{FAE04EC0-301F-11D3-BF4B-00C04F79EFBC}") = "IoTSimulatorConsole", "IoTSimulatorConsole\IoTSimulatorConsole.csproj", "{DFAF715D-EF16-4624-B8B9-0537A90E292E}"
EndProject
Project("{2150E333-8FDC-42A3-9474-1A3956D46DE8}") = "Client", "Client", "{210C7F27-3730-4D72-AD21-292D709F1776}"
EndProject
Project("{2150E333-8FDC-42A3-9474-1A3956D46DE8}") = "Console", "Console", "{29892468-926A-4BEC-928E-7E4799CF391A}"
EndProject
Project("{2150E333-8FDC-42A3-9474-1A3956D46DE8}") = "Web", "Web", "{7F26CEA8-45F4-4599-981A-25B04BCD6E2B}"
EndProject
Project("{FAE04EC0-301F-11D3-BF4B-00C04F79EFBC}") = "iotRegister", "iotRegister\iotRegister.csproj", "{96ED2C3D-5F07-4949-B4F8-99AF04D49222}"
EndProject
Project("{FAE04EC0-301F-11D3-BF4B-00C04F79EFBC}") = "PreventPortal", "PreventPortal\PreventPortal.csproj", "{3F48E0DA-1AE4-484C-9DF8-A2583EF76541}"
EndProject
Global
	GlobalSection(SharedMSBuildProjectFiles) = preSolution
		IoTDemoClient\IoTDemoClient\IoTDemoClient.projitems*{075adea1-1803-4f1a-8576-5c4f31cd125a}*SharedItemsImports = 13
		IoTDemoClient\IoTDemoClient\IoTDemoClient.projitems*{12dd7d36-ba65-44ce-b833-55a73ed43184}*SharedItemsImports = 4
		IoTDemoClient\IoTDemoClient\IoTDemoClient.projitems*{1a682272-ff29-475e-99dc-b7bcfa961ab3}*SharedItemsImports = 4
		IoTDemoClient\IoTDemoClient\IoTDemoClient.projitems*{8d312048-3faa-4090-a42e-749b73c66cb3}*SharedItemsImports = 4
		IoTDemoClient\IoTDemoClient\IoTDemoClient.projitems*{aaf06b67-3538-4323-ad95-5db6c55c08c7}*SharedItemsImports = 4
		IoTDemoClient\IoTDemoClient\IoTDemoClient.projitems*{cf700e99-5f39-41ed-ba2d-d106f8126fc4}*SharedItemsImports = 4
	EndGlobalSection
	GlobalSection(SolutionConfigurationPlatforms) = preSolution
		Ad-Hoc|Any CPU = Ad-Hoc|Any CPU
		Ad-Hoc|ARM = Ad-Hoc|ARM
		Ad-Hoc|iPhone = Ad-Hoc|iPhone
		Ad-Hoc|iPhoneSimulator = Ad-Hoc|iPhoneSimulator
		Ad-Hoc|x64 = Ad-Hoc|x64
		Ad-Hoc|x86 = Ad-Hoc|x86
		AppStore|Any CPU = AppStore|Any CPU
		AppStore|ARM = AppStore|ARM
		AppStore|iPhone = AppStore|iPhone
		AppStore|iPhoneSimulator = AppStore|iPhoneSimulator
		AppStore|x64 = AppStore|x64
		AppStore|x86 = AppStore|x86
		Debug|Any CPU = Debug|Any CPU
		Debug|ARM = Debug|ARM
		Debug|iPhone = Debug|iPhone
		Debug|iPhoneSimulator = Debug|iPhoneSimulator
		Debug|x64 = Debug|x64
		Debug|x86 = Debug|x86
		Release|Any CPU = Release|Any CPU
		Release|ARM = Release|ARM
		Release|iPhone = Release|iPhone
		Release|iPhoneSimulator = Release|iPhoneSimulator
		Release|x64 = Release|x64
		Release|x86 = Release|x86
	EndGlobalSection
	GlobalSection(ProjectConfigurationPlatforms) = postSolution
		{1A682272-FF29-475E-99DC-B7BCFA961AB3}.Ad-Hoc|Any CPU.ActiveCfg = Release|Any CPU
		{1A682272-FF29-475E-99DC-B7BCFA961AB3}.Ad-Hoc|Any CPU.Build.0 = Release|Any CPU
		{1A682272-FF29-475E-99DC-B7BCFA961AB3}.Ad-Hoc|Any CPU.Deploy.0 = Release|Any CPU
		{1A682272-FF29-475E-99DC-B7BCFA961AB3}.Ad-Hoc|ARM.ActiveCfg = Release|Any CPU
		{1A682272-FF29-475E-99DC-B7BCFA961AB3}.Ad-Hoc|ARM.Build.0 = Release|Any CPU
		{1A682272-FF29-475E-99DC-B7BCFA961AB3}.Ad-Hoc|ARM.Deploy.0 = Release|Any CPU
		{1A682272-FF29-475E-99DC-B7BCFA961AB3}.Ad-Hoc|iPhone.ActiveCfg = Release|Any CPU
		{1A682272-FF29-475E-99DC-B7BCFA961AB3}.Ad-Hoc|iPhone.Build.0 = Release|Any CPU
		{1A682272-FF29-475E-99DC-B7BCFA961AB3}.Ad-Hoc|iPhone.Deploy.0 = Release|Any CPU
		{1A682272-FF29-475E-99DC-B7BCFA961AB3}.Ad-Hoc|iPhoneSimulator.ActiveCfg = Release|Any CPU
		{1A682272-FF29-475E-99DC-B7BCFA961AB3}.Ad-Hoc|iPhoneSimulator.Build.0 = Release|Any CPU
		{1A682272-FF29-475E-99DC-B7BCFA961AB3}.Ad-Hoc|iPhoneSimulator.Deploy.0 = Release|Any CPU
		{1A682272-FF29-475E-99DC-B7BCFA961AB3}.Ad-Hoc|x64.ActiveCfg = Release|Any CPU
		{1A682272-FF29-475E-99DC-B7BCFA961AB3}.Ad-Hoc|x64.Build.0 = Release|Any CPU
		{1A682272-FF29-475E-99DC-B7BCFA961AB3}.Ad-Hoc|x64.Deploy.0 = Release|Any CPU
		{1A682272-FF29-475E-99DC-B7BCFA961AB3}.Ad-Hoc|x86.ActiveCfg = Release|Any CPU
		{1A682272-FF29-475E-99DC-B7BCFA961AB3}.Ad-Hoc|x86.Build.0 = Release|Any CPU
		{1A682272-FF29-475E-99DC-B7BCFA961AB3}.Ad-Hoc|x86.Deploy.0 = Release|Any CPU
		{1A682272-FF29-475E-99DC-B7BCFA961AB3}.AppStore|Any CPU.ActiveCfg = Release|Any CPU
		{1A682272-FF29-475E-99DC-B7BCFA961AB3}.AppStore|Any CPU.Build.0 = Release|Any CPU
		{1A682272-FF29-475E-99DC-B7BCFA961AB3}.AppStore|Any CPU.Deploy.0 = Release|Any CPU
		{1A682272-FF29-475E-99DC-B7BCFA961AB3}.AppStore|ARM.ActiveCfg = Release|Any CPU
		{1A682272-FF29-475E-99DC-B7BCFA961AB3}.AppStore|ARM.Build.0 = Release|Any CPU
		{1A682272-FF29-475E-99DC-B7BCFA961AB3}.AppStore|ARM.Deploy.0 = Release|Any CPU
		{1A682272-FF29-475E-99DC-B7BCFA961AB3}.AppStore|iPhone.ActiveCfg = Release|Any CPU
		{1A682272-FF29-475E-99DC-B7BCFA961AB3}.AppStore|iPhone.Build.0 = Release|Any CPU
		{1A682272-FF29-475E-99DC-B7BCFA961AB3}.AppStore|iPhone.Deploy.0 = Release|Any CPU
		{1A682272-FF29-475E-99DC-B7BCFA961AB3}.AppStore|iPhoneSimulator.ActiveCfg = Release|Any CPU
		{1A682272-FF29-475E-99DC-B7BCFA961AB3}.AppStore|iPhoneSimulator.Build.0 = Release|Any CPU
		{1A682272-FF29-475E-99DC-B7BCFA961AB3}.AppStore|iPhoneSimulator.Deploy.0 = Release|Any CPU
		{1A682272-FF29-475E-99DC-B7BCFA961AB3}.AppStore|x64.ActiveCfg = Release|Any CPU
		{1A682272-FF29-475E-99DC-B7BCFA961AB3}.AppStore|x64.Build.0 = Release|Any CPU
		{1A682272-FF29-475E-99DC-B7BCFA961AB3}.AppStore|x64.Deploy.0 = Release|Any CPU
		{1A682272-FF29-475E-99DC-B7BCFA961AB3}.AppStore|x86.ActiveCfg = Release|Any CPU
		{1A682272-FF29-475E-99DC-B7BCFA961AB3}.AppStore|x86.Build.0 = Release|Any CPU
		{1A682272-FF29-475E-99DC-B7BCFA961AB3}.AppStore|x86.Deploy.0 = Release|Any CPU
		{1A682272-FF29-475E-99DC-B7BCFA961AB3}.Debug|Any CPU.ActiveCfg = Debug|Any CPU
		{1A682272-FF29-475E-99DC-B7BCFA961AB3}.Debug|Any CPU.Build.0 = Debug|Any CPU
		{1A682272-FF29-475E-99DC-B7BCFA961AB3}.Debug|Any CPU.Deploy.0 = Debug|Any CPU
		{1A682272-FF29-475E-99DC-B7BCFA961AB3}.Debug|ARM.ActiveCfg = Debug|Any CPU
		{1A682272-FF29-475E-99DC-B7BCFA961AB3}.Debug|ARM.Build.0 = Debug|Any CPU
		{1A682272-FF29-475E-99DC-B7BCFA961AB3}.Debug|ARM.Deploy.0 = Debug|Any CPU
		{1A682272-FF29-475E-99DC-B7BCFA961AB3}.Debug|iPhone.ActiveCfg = Debug|Any CPU
		{1A682272-FF29-475E-99DC-B7BCFA961AB3}.Debug|iPhone.Build.0 = Debug|Any CPU
		{1A682272-FF29-475E-99DC-B7BCFA961AB3}.Debug|iPhone.Deploy.0 = Debug|Any CPU
		{1A682272-FF29-475E-99DC-B7BCFA961AB3}.Debug|iPhoneSimulator.ActiveCfg = Debug|Any CPU
		{1A682272-FF29-475E-99DC-B7BCFA961AB3}.Debug|iPhoneSimulator.Build.0 = Debug|Any CPU
		{1A682272-FF29-475E-99DC-B7BCFA961AB3}.Debug|iPhoneSimulator.Deploy.0 = Debug|Any CPU
		{1A682272-FF29-475E-99DC-B7BCFA961AB3}.Debug|x64.ActiveCfg = Debug|Any CPU
		{1A682272-FF29-475E-99DC-B7BCFA961AB3}.Debug|x64.Build.0 = Debug|Any CPU
		{1A682272-FF29-475E-99DC-B7BCFA961AB3}.Debug|x64.Deploy.0 = Debug|Any CPU
		{1A682272-FF29-475E-99DC-B7BCFA961AB3}.Debug|x86.ActiveCfg = Debug|Any CPU
		{1A682272-FF29-475E-99DC-B7BCFA961AB3}.Debug|x86.Build.0 = Debug|Any CPU
		{1A682272-FF29-475E-99DC-B7BCFA961AB3}.Debug|x86.Deploy.0 = Debug|Any CPU
		{1A682272-FF29-475E-99DC-B7BCFA961AB3}.Release|Any CPU.ActiveCfg = Release|Any CPU
		{1A682272-FF29-475E-99DC-B7BCFA961AB3}.Release|Any CPU.Build.0 = Release|Any CPU
		{1A682272-FF29-475E-99DC-B7BCFA961AB3}.Release|Any CPU.Deploy.0 = Release|Any CPU
		{1A682272-FF29-475E-99DC-B7BCFA961AB3}.Release|ARM.ActiveCfg = Release|Any CPU
		{1A682272-FF29-475E-99DC-B7BCFA961AB3}.Release|ARM.Build.0 = Release|Any CPU
		{1A682272-FF29-475E-99DC-B7BCFA961AB3}.Release|ARM.Deploy.0 = Release|Any CPU
		{1A682272-FF29-475E-99DC-B7BCFA961AB3}.Release|iPhone.ActiveCfg = Release|Any CPU
		{1A682272-FF29-475E-99DC-B7BCFA961AB3}.Release|iPhone.Build.0 = Release|Any CPU
		{1A682272-FF29-475E-99DC-B7BCFA961AB3}.Release|iPhone.Deploy.0 = Release|Any CPU
		{1A682272-FF29-475E-99DC-B7BCFA961AB3}.Release|iPhoneSimulator.ActiveCfg = Release|Any CPU
		{1A682272-FF29-475E-99DC-B7BCFA961AB3}.Release|iPhoneSimulator.Build.0 = Release|Any CPU
		{1A682272-FF29-475E-99DC-B7BCFA961AB3}.Release|iPhoneSimulator.Deploy.0 = Release|Any CPU
		{1A682272-FF29-475E-99DC-B7BCFA961AB3}.Release|x64.ActiveCfg = Release|Any CPU
		{1A682272-FF29-475E-99DC-B7BCFA961AB3}.Release|x64.Build.0 = Release|Any CPU
		{1A682272-FF29-475E-99DC-B7BCFA961AB3}.Release|x64.Deploy.0 = Release|Any CPU
		{1A682272-FF29-475E-99DC-B7BCFA961AB3}.Release|x86.ActiveCfg = Release|Any CPU
		{1A682272-FF29-475E-99DC-B7BCFA961AB3}.Release|x86.Build.0 = Release|Any CPU
		{1A682272-FF29-475E-99DC-B7BCFA961AB3}.Release|x86.Deploy.0 = Release|Any CPU
		{12DD7D36-BA65-44CE-B833-55A73ED43184}.Ad-Hoc|Any CPU.ActiveCfg = Ad-Hoc|iPhone
		{12DD7D36-BA65-44CE-B833-55A73ED43184}.Ad-Hoc|ARM.ActiveCfg = Ad-Hoc|iPhone
		{12DD7D36-BA65-44CE-B833-55A73ED43184}.Ad-Hoc|iPhone.ActiveCfg = Ad-Hoc|iPhone
		{12DD7D36-BA65-44CE-B833-55A73ED43184}.Ad-Hoc|iPhone.Build.0 = Ad-Hoc|iPhone
		{12DD7D36-BA65-44CE-B833-55A73ED43184}.Ad-Hoc|iPhoneSimulator.ActiveCfg = Ad-Hoc|iPhoneSimulator
		{12DD7D36-BA65-44CE-B833-55A73ED43184}.Ad-Hoc|iPhoneSimulator.Build.0 = Ad-Hoc|iPhoneSimulator
		{12DD7D36-BA65-44CE-B833-55A73ED43184}.Ad-Hoc|x64.ActiveCfg = Ad-Hoc|iPhone
		{12DD7D36-BA65-44CE-B833-55A73ED43184}.Ad-Hoc|x86.ActiveCfg = Ad-Hoc|iPhone
		{12DD7D36-BA65-44CE-B833-55A73ED43184}.AppStore|Any CPU.ActiveCfg = AppStore|iPhone
		{12DD7D36-BA65-44CE-B833-55A73ED43184}.AppStore|ARM.ActiveCfg = AppStore|iPhone
		{12DD7D36-BA65-44CE-B833-55A73ED43184}.AppStore|iPhone.ActiveCfg = AppStore|iPhone
		{12DD7D36-BA65-44CE-B833-55A73ED43184}.AppStore|iPhone.Build.0 = AppStore|iPhone
		{12DD7D36-BA65-44CE-B833-55A73ED43184}.AppStore|iPhoneSimulator.ActiveCfg = AppStore|iPhoneSimulator
		{12DD7D36-BA65-44CE-B833-55A73ED43184}.AppStore|iPhoneSimulator.Build.0 = AppStore|iPhoneSimulator
		{12DD7D36-BA65-44CE-B833-55A73ED43184}.AppStore|x64.ActiveCfg = AppStore|iPhone
		{12DD7D36-BA65-44CE-B833-55A73ED43184}.AppStore|x86.ActiveCfg = AppStore|iPhone
		{12DD7D36-BA65-44CE-B833-55A73ED43184}.Debug|Any CPU.ActiveCfg = Debug|iPhone
		{12DD7D36-BA65-44CE-B833-55A73ED43184}.Debug|ARM.ActiveCfg = Debug|iPhone
		{12DD7D36-BA65-44CE-B833-55A73ED43184}.Debug|iPhone.ActiveCfg = Debug|iPhone
		{12DD7D36-BA65-44CE-B833-55A73ED43184}.Debug|iPhone.Build.0 = Debug|iPhone
		{12DD7D36-BA65-44CE-B833-55A73ED43184}.Debug|iPhoneSimulator.ActiveCfg = Debug|iPhoneSimulator
		{12DD7D36-BA65-44CE-B833-55A73ED43184}.Debug|iPhoneSimulator.Build.0 = Debug|iPhoneSimulator
		{12DD7D36-BA65-44CE-B833-55A73ED43184}.Debug|x64.ActiveCfg = Debug|iPhone
		{12DD7D36-BA65-44CE-B833-55A73ED43184}.Debug|x86.ActiveCfg = Debug|iPhone
		{12DD7D36-BA65-44CE-B833-55A73ED43184}.Release|Any CPU.ActiveCfg = Release|iPhone
		{12DD7D36-BA65-44CE-B833-55A73ED43184}.Release|ARM.ActiveCfg = Release|iPhone
		{12DD7D36-BA65-44CE-B833-55A73ED43184}.Release|iPhone.ActiveCfg = Release|iPhone
		{12DD7D36-BA65-44CE-B833-55A73ED43184}.Release|iPhone.Build.0 = Release|iPhone
		{12DD7D36-BA65-44CE-B833-55A73ED43184}.Release|iPhoneSimulator.ActiveCfg = Release|iPhoneSimulator
		{12DD7D36-BA65-44CE-B833-55A73ED43184}.Release|iPhoneSimulator.Build.0 = Release|iPhoneSimulator
		{12DD7D36-BA65-44CE-B833-55A73ED43184}.Release|x64.ActiveCfg = Release|iPhone
		{12DD7D36-BA65-44CE-B833-55A73ED43184}.Release|x86.ActiveCfg = Release|iPhone
		{8D312048-3FAA-4090-A42E-749B73C66CB3}.Ad-Hoc|Any CPU.ActiveCfg = Release|Any CPU
		{8D312048-3FAA-4090-A42E-749B73C66CB3}.Ad-Hoc|Any CPU.Build.0 = Release|Any CPU
		{8D312048-3FAA-4090-A42E-749B73C66CB3}.Ad-Hoc|Any CPU.Deploy.0 = Release|Any CPU
		{8D312048-3FAA-4090-A42E-749B73C66CB3}.Ad-Hoc|ARM.ActiveCfg = Release|ARM
		{8D312048-3FAA-4090-A42E-749B73C66CB3}.Ad-Hoc|ARM.Build.0 = Release|ARM
		{8D312048-3FAA-4090-A42E-749B73C66CB3}.Ad-Hoc|ARM.Deploy.0 = Release|ARM
		{8D312048-3FAA-4090-A42E-749B73C66CB3}.Ad-Hoc|iPhone.ActiveCfg = Release|Any CPU
		{8D312048-3FAA-4090-A42E-749B73C66CB3}.Ad-Hoc|iPhone.Build.0 = Release|Any CPU
		{8D312048-3FAA-4090-A42E-749B73C66CB3}.Ad-Hoc|iPhone.Deploy.0 = Release|Any CPU
		{8D312048-3FAA-4090-A42E-749B73C66CB3}.Ad-Hoc|iPhoneSimulator.ActiveCfg = Release|Any CPU
		{8D312048-3FAA-4090-A42E-749B73C66CB3}.Ad-Hoc|iPhoneSimulator.Build.0 = Release|Any CPU
		{8D312048-3FAA-4090-A42E-749B73C66CB3}.Ad-Hoc|iPhoneSimulator.Deploy.0 = Release|Any CPU
		{8D312048-3FAA-4090-A42E-749B73C66CB3}.Ad-Hoc|x64.ActiveCfg = Release|Any CPU
		{8D312048-3FAA-4090-A42E-749B73C66CB3}.Ad-Hoc|x64.Build.0 = Release|Any CPU
		{8D312048-3FAA-4090-A42E-749B73C66CB3}.Ad-Hoc|x64.Deploy.0 = Release|Any CPU
		{8D312048-3FAA-4090-A42E-749B73C66CB3}.Ad-Hoc|x86.ActiveCfg = Release|x86
		{8D312048-3FAA-4090-A42E-749B73C66CB3}.Ad-Hoc|x86.Build.0 = Release|x86
		{8D312048-3FAA-4090-A42E-749B73C66CB3}.Ad-Hoc|x86.Deploy.0 = Release|x86
		{8D312048-3FAA-4090-A42E-749B73C66CB3}.AppStore|Any CPU.ActiveCfg = Release|Any CPU
		{8D312048-3FAA-4090-A42E-749B73C66CB3}.AppStore|Any CPU.Build.0 = Release|Any CPU
		{8D312048-3FAA-4090-A42E-749B73C66CB3}.AppStore|Any CPU.Deploy.0 = Release|Any CPU
		{8D312048-3FAA-4090-A42E-749B73C66CB3}.AppStore|ARM.ActiveCfg = Release|ARM
		{8D312048-3FAA-4090-A42E-749B73C66CB3}.AppStore|ARM.Build.0 = Release|ARM
		{8D312048-3FAA-4090-A42E-749B73C66CB3}.AppStore|ARM.Deploy.0 = Release|ARM
		{8D312048-3FAA-4090-A42E-749B73C66CB3}.AppStore|iPhone.ActiveCfg = Release|Any CPU
		{8D312048-3FAA-4090-A42E-749B73C66CB3}.AppStore|iPhone.Build.0 = Release|Any CPU
		{8D312048-3FAA-4090-A42E-749B73C66CB3}.AppStore|iPhone.Deploy.0 = Release|Any CPU
		{8D312048-3FAA-4090-A42E-749B73C66CB3}.AppStore|iPhoneSimulator.ActiveCfg = Release|Any CPU
		{8D312048-3FAA-4090-A42E-749B73C66CB3}.AppStore|iPhoneSimulator.Build.0 = Release|Any CPU
		{8D312048-3FAA-4090-A42E-749B73C66CB3}.AppStore|iPhoneSimulator.Deploy.0 = Release|Any CPU
		{8D312048-3FAA-4090-A42E-749B73C66CB3}.AppStore|x64.ActiveCfg = Release|Any CPU
		{8D312048-3FAA-4090-A42E-749B73C66CB3}.AppStore|x64.Build.0 = Release|Any CPU
		{8D312048-3FAA-4090-A42E-749B73C66CB3}.AppStore|x64.Deploy.0 = Release|Any CPU
		{8D312048-3FAA-4090-A42E-749B73C66CB3}.AppStore|x86.ActiveCfg = Release|x86
		{8D312048-3FAA-4090-A42E-749B73C66CB3}.AppStore|x86.Build.0 = Release|x86
		{8D312048-3FAA-4090-A42E-749B73C66CB3}.AppStore|x86.Deploy.0 = Release|x86
		{8D312048-3FAA-4090-A42E-749B73C66CB3}.Debug|Any CPU.ActiveCfg = Debug|Any CPU
		{8D312048-3FAA-4090-A42E-749B73C66CB3}.Debug|Any CPU.Build.0 = Debug|Any CPU
		{8D312048-3FAA-4090-A42E-749B73C66CB3}.Debug|Any CPU.Deploy.0 = Debug|Any CPU
		{8D312048-3FAA-4090-A42E-749B73C66CB3}.Debug|ARM.ActiveCfg = Debug|ARM
		{8D312048-3FAA-4090-A42E-749B73C66CB3}.Debug|ARM.Build.0 = Debug|ARM
		{8D312048-3FAA-4090-A42E-749B73C66CB3}.Debug|ARM.Deploy.0 = Debug|ARM
		{8D312048-3FAA-4090-A42E-749B73C66CB3}.Debug|iPhone.ActiveCfg = Debug|Any CPU
		{8D312048-3FAA-4090-A42E-749B73C66CB3}.Debug|iPhone.Build.0 = Debug|Any CPU
		{8D312048-3FAA-4090-A42E-749B73C66CB3}.Debug|iPhone.Deploy.0 = Debug|Any CPU
		{8D312048-3FAA-4090-A42E-749B73C66CB3}.Debug|iPhoneSimulator.ActiveCfg = Debug|Any CPU
		{8D312048-3FAA-4090-A42E-749B73C66CB3}.Debug|iPhoneSimulator.Build.0 = Debug|Any CPU
		{8D312048-3FAA-4090-A42E-749B73C66CB3}.Debug|iPhoneSimulator.Deploy.0 = Debug|Any CPU
		{8D312048-3FAA-4090-A42E-749B73C66CB3}.Debug|x64.ActiveCfg = Debug|Any CPU
		{8D312048-3FAA-4090-A42E-749B73C66CB3}.Debug|x64.Build.0 = Debug|Any CPU
		{8D312048-3FAA-4090-A42E-749B73C66CB3}.Debug|x64.Deploy.0 = Debug|Any CPU
		{8D312048-3FAA-4090-A42E-749B73C66CB3}.Debug|x86.ActiveCfg = Debug|x86
		{8D312048-3FAA-4090-A42E-749B73C66CB3}.Debug|x86.Build.0 = Debug|x86
		{8D312048-3FAA-4090-A42E-749B73C66CB3}.Debug|x86.Deploy.0 = Debug|x86
		{8D312048-3FAA-4090-A42E-749B73C66CB3}.Release|Any CPU.ActiveCfg = Release|Any CPU
		{8D312048-3FAA-4090-A42E-749B73C66CB3}.Release|Any CPU.Build.0 = Release|Any CPU
		{8D312048-3FAA-4090-A42E-749B73C66CB3}.Release|Any CPU.Deploy.0 = Release|Any CPU
		{8D312048-3FAA-4090-A42E-749B73C66CB3}.Release|ARM.ActiveCfg = Release|ARM
		{8D312048-3FAA-4090-A42E-749B73C66CB3}.Release|ARM.Build.0 = Release|ARM
		{8D312048-3FAA-4090-A42E-749B73C66CB3}.Release|ARM.Deploy.0 = Release|ARM
		{8D312048-3FAA-4090-A42E-749B73C66CB3}.Release|iPhone.ActiveCfg = Release|Any CPU
		{8D312048-3FAA-4090-A42E-749B73C66CB3}.Release|iPhone.Build.0 = Release|Any CPU
		{8D312048-3FAA-4090-A42E-749B73C66CB3}.Release|iPhone.Deploy.0 = Release|Any CPU
		{8D312048-3FAA-4090-A42E-749B73C66CB3}.Release|iPhoneSimulator.ActiveCfg = Release|Any CPU
		{8D312048-3FAA-4090-A42E-749B73C66CB3}.Release|iPhoneSimulator.Build.0 = Release|Any CPU
		{8D312048-3FAA-4090-A42E-749B73C66CB3}.Release|iPhoneSimulator.Deploy.0 = Release|Any CPU
		{8D312048-3FAA-4090-A42E-749B73C66CB3}.Release|x64.ActiveCfg = Release|Any CPU
		{8D312048-3FAA-4090-A42E-749B73C66CB3}.Release|x64.Build.0 = Release|Any CPU
		{8D312048-3FAA-4090-A42E-749B73C66CB3}.Release|x64.Deploy.0 = Release|Any CPU
		{8D312048-3FAA-4090-A42E-749B73C66CB3}.Release|x86.ActiveCfg = Release|x86
		{8D312048-3FAA-4090-A42E-749B73C66CB3}.Release|x86.Build.0 = Release|x86
		{8D312048-3FAA-4090-A42E-749B73C66CB3}.Release|x86.Deploy.0 = Release|x86
		{AAF06B67-3538-4323-AD95-5DB6C55C08C7}.Ad-Hoc|Any CPU.ActiveCfg = Release|x86
		{AAF06B67-3538-4323-AD95-5DB6C55C08C7}.Ad-Hoc|Any CPU.Build.0 = Release|x86
		{AAF06B67-3538-4323-AD95-5DB6C55C08C7}.Ad-Hoc|Any CPU.Deploy.0 = Release|x86
		{AAF06B67-3538-4323-AD95-5DB6C55C08C7}.Ad-Hoc|ARM.ActiveCfg = Release|ARM
		{AAF06B67-3538-4323-AD95-5DB6C55C08C7}.Ad-Hoc|ARM.Build.0 = Release|ARM
		{AAF06B67-3538-4323-AD95-5DB6C55C08C7}.Ad-Hoc|ARM.Deploy.0 = Release|ARM
		{AAF06B67-3538-4323-AD95-5DB6C55C08C7}.Ad-Hoc|iPhone.ActiveCfg = Release|x86
		{AAF06B67-3538-4323-AD95-5DB6C55C08C7}.Ad-Hoc|iPhone.Build.0 = Release|x86
		{AAF06B67-3538-4323-AD95-5DB6C55C08C7}.Ad-Hoc|iPhone.Deploy.0 = Release|x86
		{AAF06B67-3538-4323-AD95-5DB6C55C08C7}.Ad-Hoc|iPhoneSimulator.ActiveCfg = Release|x86
		{AAF06B67-3538-4323-AD95-5DB6C55C08C7}.Ad-Hoc|iPhoneSimulator.Build.0 = Release|x86
		{AAF06B67-3538-4323-AD95-5DB6C55C08C7}.Ad-Hoc|iPhoneSimulator.Deploy.0 = Release|x86
		{AAF06B67-3538-4323-AD95-5DB6C55C08C7}.Ad-Hoc|x64.ActiveCfg = Release|x64
		{AAF06B67-3538-4323-AD95-5DB6C55C08C7}.Ad-Hoc|x64.Build.0 = Release|x64
		{AAF06B67-3538-4323-AD95-5DB6C55C08C7}.Ad-Hoc|x64.Deploy.0 = Release|x64
		{AAF06B67-3538-4323-AD95-5DB6C55C08C7}.Ad-Hoc|x86.ActiveCfg = Release|x86
		{AAF06B67-3538-4323-AD95-5DB6C55C08C7}.Ad-Hoc|x86.Build.0 = Release|x86
		{AAF06B67-3538-4323-AD95-5DB6C55C08C7}.Ad-Hoc|x86.Deploy.0 = Release|x86
		{AAF06B67-3538-4323-AD95-5DB6C55C08C7}.AppStore|Any CPU.ActiveCfg = Release|x86
		{AAF06B67-3538-4323-AD95-5DB6C55C08C7}.AppStore|Any CPU.Build.0 = Release|x86
		{AAF06B67-3538-4323-AD95-5DB6C55C08C7}.AppStore|Any CPU.Deploy.0 = Release|x86
		{AAF06B67-3538-4323-AD95-5DB6C55C08C7}.AppStore|ARM.ActiveCfg = Release|ARM
		{AAF06B67-3538-4323-AD95-5DB6C55C08C7}.AppStore|ARM.Build.0 = Release|ARM
		{AAF06B67-3538-4323-AD95-5DB6C55C08C7}.AppStore|ARM.Deploy.0 = Release|ARM
		{AAF06B67-3538-4323-AD95-5DB6C55C08C7}.AppStore|iPhone.ActiveCfg = Release|x86
		{AAF06B67-3538-4323-AD95-5DB6C55C08C7}.AppStore|iPhone.Build.0 = Release|x86
		{AAF06B67-3538-4323-AD95-5DB6C55C08C7}.AppStore|iPhone.Deploy.0 = Release|x86
		{AAF06B67-3538-4323-AD95-5DB6C55C08C7}.AppStore|iPhoneSimulator.ActiveCfg = Release|x86
		{AAF06B67-3538-4323-AD95-5DB6C55C08C7}.AppStore|iPhoneSimulator.Build.0 = Release|x86
		{AAF06B67-3538-4323-AD95-5DB6C55C08C7}.AppStore|iPhoneSimulator.Deploy.0 = Release|x86
		{AAF06B67-3538-4323-AD95-5DB6C55C08C7}.AppStore|x64.ActiveCfg = Release|x64
		{AAF06B67-3538-4323-AD95-5DB6C55C08C7}.AppStore|x64.Build.0 = Release|x64
		{AAF06B67-3538-4323-AD95-5DB6C55C08C7}.AppStore|x64.Deploy.0 = Release|x64
		{AAF06B67-3538-4323-AD95-5DB6C55C08C7}.AppStore|x86.ActiveCfg = Release|x86
		{AAF06B67-3538-4323-AD95-5DB6C55C08C7}.AppStore|x86.Build.0 = Release|x86
		{AAF06B67-3538-4323-AD95-5DB6C55C08C7}.AppStore|x86.Deploy.0 = Release|x86
		{AAF06B67-3538-4323-AD95-5DB6C55C08C7}.Debug|Any CPU.ActiveCfg = Debug|x86
		{AAF06B67-3538-4323-AD95-5DB6C55C08C7}.Debug|Any CPU.Build.0 = Debug|x86
		{AAF06B67-3538-4323-AD95-5DB6C55C08C7}.Debug|Any CPU.Deploy.0 = Debug|x86
		{AAF06B67-3538-4323-AD95-5DB6C55C08C7}.Debug|ARM.ActiveCfg = Debug|ARM
		{AAF06B67-3538-4323-AD95-5DB6C55C08C7}.Debug|ARM.Build.0 = Debug|ARM
		{AAF06B67-3538-4323-AD95-5DB6C55C08C7}.Debug|ARM.Deploy.0 = Debug|ARM
		{AAF06B67-3538-4323-AD95-5DB6C55C08C7}.Debug|iPhone.ActiveCfg = Debug|ARM
		{AAF06B67-3538-4323-AD95-5DB6C55C08C7}.Debug|iPhone.Build.0 = Debug|ARM
		{AAF06B67-3538-4323-AD95-5DB6C55C08C7}.Debug|iPhone.Deploy.0 = Debug|ARM
		{AAF06B67-3538-4323-AD95-5DB6C55C08C7}.Debug|iPhoneSimulator.ActiveCfg = Debug|x86
		{AAF06B67-3538-4323-AD95-5DB6C55C08C7}.Debug|x64.ActiveCfg = Debug|x64
		{AAF06B67-3538-4323-AD95-5DB6C55C08C7}.Debug|x64.Build.0 = Debug|x64
		{AAF06B67-3538-4323-AD95-5DB6C55C08C7}.Debug|x64.Deploy.0 = Debug|x64
		{AAF06B67-3538-4323-AD95-5DB6C55C08C7}.Debug|x86.ActiveCfg = Debug|x86
		{AAF06B67-3538-4323-AD95-5DB6C55C08C7}.Debug|x86.Build.0 = Debug|x86
		{AAF06B67-3538-4323-AD95-5DB6C55C08C7}.Debug|x86.Deploy.0 = Debug|x86
		{AAF06B67-3538-4323-AD95-5DB6C55C08C7}.Release|Any CPU.ActiveCfg = Release|x86
		{AAF06B67-3538-4323-AD95-5DB6C55C08C7}.Release|ARM.ActiveCfg = Release|ARM
		{AAF06B67-3538-4323-AD95-5DB6C55C08C7}.Release|ARM.Build.0 = Release|ARM
		{AAF06B67-3538-4323-AD95-5DB6C55C08C7}.Release|ARM.Deploy.0 = Release|ARM
		{AAF06B67-3538-4323-AD95-5DB6C55C08C7}.Release|iPhone.ActiveCfg = Release|x86
		{AAF06B67-3538-4323-AD95-5DB6C55C08C7}.Release|iPhoneSimulator.ActiveCfg = Release|x86
		{AAF06B67-3538-4323-AD95-5DB6C55C08C7}.Release|x64.ActiveCfg = Release|x64
		{AAF06B67-3538-4323-AD95-5DB6C55C08C7}.Release|x64.Build.0 = Release|x64
		{AAF06B67-3538-4323-AD95-5DB6C55C08C7}.Release|x64.Deploy.0 = Release|x64
		{AAF06B67-3538-4323-AD95-5DB6C55C08C7}.Release|x86.ActiveCfg = Release|x86
		{AAF06B67-3538-4323-AD95-5DB6C55C08C7}.Release|x86.Build.0 = Release|x86
		{AAF06B67-3538-4323-AD95-5DB6C55C08C7}.Release|x86.Deploy.0 = Release|x86
		{CF700E99-5F39-41ED-BA2D-D106F8126FC4}.Ad-Hoc|Any CPU.ActiveCfg = Release|Any CPU
		{CF700E99-5F39-41ED-BA2D-D106F8126FC4}.Ad-Hoc|Any CPU.Build.0 = Release|Any CPU
		{CF700E99-5F39-41ED-BA2D-D106F8126FC4}.Ad-Hoc|Any CPU.Deploy.0 = Release|Any CPU
		{CF700E99-5F39-41ED-BA2D-D106F8126FC4}.Ad-Hoc|ARM.ActiveCfg = Release|ARM
		{CF700E99-5F39-41ED-BA2D-D106F8126FC4}.Ad-Hoc|ARM.Build.0 = Release|ARM
		{CF700E99-5F39-41ED-BA2D-D106F8126FC4}.Ad-Hoc|ARM.Deploy.0 = Release|ARM
		{CF700E99-5F39-41ED-BA2D-D106F8126FC4}.Ad-Hoc|iPhone.ActiveCfg = Release|Any CPU
		{CF700E99-5F39-41ED-BA2D-D106F8126FC4}.Ad-Hoc|iPhone.Build.0 = Release|Any CPU
		{CF700E99-5F39-41ED-BA2D-D106F8126FC4}.Ad-Hoc|iPhone.Deploy.0 = Release|Any CPU
		{CF700E99-5F39-41ED-BA2D-D106F8126FC4}.Ad-Hoc|iPhoneSimulator.ActiveCfg = Release|Any CPU
		{CF700E99-5F39-41ED-BA2D-D106F8126FC4}.Ad-Hoc|iPhoneSimulator.Build.0 = Release|Any CPU
		{CF700E99-5F39-41ED-BA2D-D106F8126FC4}.Ad-Hoc|iPhoneSimulator.Deploy.0 = Release|Any CPU
		{CF700E99-5F39-41ED-BA2D-D106F8126FC4}.Ad-Hoc|x64.ActiveCfg = Release|x64
		{CF700E99-5F39-41ED-BA2D-D106F8126FC4}.Ad-Hoc|x64.Build.0 = Release|x64
		{CF700E99-5F39-41ED-BA2D-D106F8126FC4}.Ad-Hoc|x64.Deploy.0 = Release|x64
		{CF700E99-5F39-41ED-BA2D-D106F8126FC4}.Ad-Hoc|x86.ActiveCfg = Release|x86
		{CF700E99-5F39-41ED-BA2D-D106F8126FC4}.Ad-Hoc|x86.Build.0 = Release|x86
		{CF700E99-5F39-41ED-BA2D-D106F8126FC4}.Ad-Hoc|x86.Deploy.0 = Release|x86
		{CF700E99-5F39-41ED-BA2D-D106F8126FC4}.AppStore|Any CPU.ActiveCfg = Release|Any CPU
		{CF700E99-5F39-41ED-BA2D-D106F8126FC4}.AppStore|Any CPU.Build.0 = Release|Any CPU
		{CF700E99-5F39-41ED-BA2D-D106F8126FC4}.AppStore|Any CPU.Deploy.0 = Release|Any CPU
		{CF700E99-5F39-41ED-BA2D-D106F8126FC4}.AppStore|ARM.ActiveCfg = Release|ARM
		{CF700E99-5F39-41ED-BA2D-D106F8126FC4}.AppStore|ARM.Build.0 = Release|ARM
		{CF700E99-5F39-41ED-BA2D-D106F8126FC4}.AppStore|ARM.Deploy.0 = Release|ARM
		{CF700E99-5F39-41ED-BA2D-D106F8126FC4}.AppStore|iPhone.ActiveCfg = Release|Any CPU
		{CF700E99-5F39-41ED-BA2D-D106F8126FC4}.AppStore|iPhone.Build.0 = Release|Any CPU
		{CF700E99-5F39-41ED-BA2D-D106F8126FC4}.AppStore|iPhone.Deploy.0 = Release|Any CPU
		{CF700E99-5F39-41ED-BA2D-D106F8126FC4}.AppStore|iPhoneSimulator.ActiveCfg = Release|Any CPU
		{CF700E99-5F39-41ED-BA2D-D106F8126FC4}.AppStore|iPhoneSimulator.Build.0 = Release|Any CPU
		{CF700E99-5F39-41ED-BA2D-D106F8126FC4}.AppStore|iPhoneSimulator.Deploy.0 = Release|Any CPU
		{CF700E99-5F39-41ED-BA2D-D106F8126FC4}.AppStore|x64.ActiveCfg = Release|x64
		{CF700E99-5F39-41ED-BA2D-D106F8126FC4}.AppStore|x64.Build.0 = Release|x64
		{CF700E99-5F39-41ED-BA2D-D106F8126FC4}.AppStore|x64.Deploy.0 = Release|x64
		{CF700E99-5F39-41ED-BA2D-D106F8126FC4}.AppStore|x86.ActiveCfg = Release|x86
		{CF700E99-5F39-41ED-BA2D-D106F8126FC4}.AppStore|x86.Build.0 = Release|x86
		{CF700E99-5F39-41ED-BA2D-D106F8126FC4}.AppStore|x86.Deploy.0 = Release|x86
		{CF700E99-5F39-41ED-BA2D-D106F8126FC4}.Debug|Any CPU.ActiveCfg = Debug|Any CPU
		{CF700E99-5F39-41ED-BA2D-D106F8126FC4}.Debug|Any CPU.Build.0 = Debug|Any CPU
		{CF700E99-5F39-41ED-BA2D-D106F8126FC4}.Debug|Any CPU.Deploy.0 = Debug|Any CPU
		{CF700E99-5F39-41ED-BA2D-D106F8126FC4}.Debug|ARM.ActiveCfg = Debug|ARM
		{CF700E99-5F39-41ED-BA2D-D106F8126FC4}.Debug|ARM.Build.0 = Debug|ARM
		{CF700E99-5F39-41ED-BA2D-D106F8126FC4}.Debug|ARM.Deploy.0 = Debug|ARM
		{CF700E99-5F39-41ED-BA2D-D106F8126FC4}.Debug|iPhone.ActiveCfg = Debug|Any CPU
		{CF700E99-5F39-41ED-BA2D-D106F8126FC4}.Debug|iPhone.Build.0 = Debug|Any CPU
		{CF700E99-5F39-41ED-BA2D-D106F8126FC4}.Debug|iPhone.Deploy.0 = Debug|Any CPU
		{CF700E99-5F39-41ED-BA2D-D106F8126FC4}.Debug|iPhoneSimulator.ActiveCfg = Debug|Any CPU
		{CF700E99-5F39-41ED-BA2D-D106F8126FC4}.Debug|iPhoneSimulator.Build.0 = Debug|Any CPU
		{CF700E99-5F39-41ED-BA2D-D106F8126FC4}.Debug|iPhoneSimulator.Deploy.0 = Debug|Any CPU
		{CF700E99-5F39-41ED-BA2D-D106F8126FC4}.Debug|x64.ActiveCfg = Debug|x64
		{CF700E99-5F39-41ED-BA2D-D106F8126FC4}.Debug|x64.Build.0 = Debug|x64
		{CF700E99-5F39-41ED-BA2D-D106F8126FC4}.Debug|x64.Deploy.0 = Debug|x64
		{CF700E99-5F39-41ED-BA2D-D106F8126FC4}.Debug|x86.ActiveCfg = Debug|x86
		{CF700E99-5F39-41ED-BA2D-D106F8126FC4}.Debug|x86.Build.0 = Debug|x86
		{CF700E99-5F39-41ED-BA2D-D106F8126FC4}.Debug|x86.Deploy.0 = Debug|x86
		{CF700E99-5F39-41ED-BA2D-D106F8126FC4}.Release|Any CPU.ActiveCfg = Release|Any CPU
		{CF700E99-5F39-41ED-BA2D-D106F8126FC4}.Release|Any CPU.Build.0 = Release|Any CPU
		{CF700E99-5F39-41ED-BA2D-D106F8126FC4}.Release|Any CPU.Deploy.0 = Release|Any CPU
		{CF700E99-5F39-41ED-BA2D-D106F8126FC4}.Release|ARM.ActiveCfg = Release|ARM
		{CF700E99-5F39-41ED-BA2D-D106F8126FC4}.Release|ARM.Build.0 = Release|ARM
		{CF700E99-5F39-41ED-BA2D-D106F8126FC4}.Release|ARM.Deploy.0 = Release|ARM
		{CF700E99-5F39-41ED-BA2D-D106F8126FC4}.Release|iPhone.ActiveCfg = Release|Any CPU
		{CF700E99-5F39-41ED-BA2D-D106F8126FC4}.Release|iPhone.Build.0 = Release|Any CPU
		{CF700E99-5F39-41ED-BA2D-D106F8126FC4}.Release|iPhone.Deploy.0 = Release|Any CPU
		{CF700E99-5F39-41ED-BA2D-D106F8126FC4}.Release|iPhoneSimulator.ActiveCfg = Release|Any CPU
		{CF700E99-5F39-41ED-BA2D-D106F8126FC4}.Release|iPhoneSimulator.Build.0 = Release|Any CPU
		{CF700E99-5F39-41ED-BA2D-D106F8126FC4}.Release|iPhoneSimulator.Deploy.0 = Release|Any CPU
		{CF700E99-5F39-41ED-BA2D-D106F8126FC4}.Release|x64.ActiveCfg = Release|x64
		{CF700E99-5F39-41ED-BA2D-D106F8126FC4}.Release|x64.Build.0 = Release|x64
		{CF700E99-5F39-41ED-BA2D-D106F8126FC4}.Release|x64.Deploy.0 = Release|x64
		{CF700E99-5F39-41ED-BA2D-D106F8126FC4}.Release|x86.ActiveCfg = Release|x86
		{CF700E99-5F39-41ED-BA2D-D106F8126FC4}.Release|x86.Build.0 = Release|x86
		{CF700E99-5F39-41ED-BA2D-D106F8126FC4}.Release|x86.Deploy.0 = Release|x86
		{20EA275D-D989-4B67-B615-0BAB36BF93A8}.Ad-Hoc|Any CPU.ActiveCfg = Release|Any CPU
		{20EA275D-D989-4B67-B615-0BAB36BF93A8}.Ad-Hoc|Any CPU.Build.0 = Release|Any CPU
		{20EA275D-D989-4B67-B615-0BAB36BF93A8}.Ad-Hoc|ARM.ActiveCfg = Release|Any CPU
		{20EA275D-D989-4B67-B615-0BAB36BF93A8}.Ad-Hoc|ARM.Build.0 = Release|Any CPU
		{20EA275D-D989-4B67-B615-0BAB36BF93A8}.Ad-Hoc|iPhone.ActiveCfg = Release|Any CPU
		{20EA275D-D989-4B67-B615-0BAB36BF93A8}.Ad-Hoc|iPhone.Build.0 = Release|Any CPU
		{20EA275D-D989-4B67-B615-0BAB36BF93A8}.Ad-Hoc|iPhoneSimulator.ActiveCfg = Release|Any CPU
		{20EA275D-D989-4B67-B615-0BAB36BF93A8}.Ad-Hoc|iPhoneSimulator.Build.0 = Release|Any CPU
		{20EA275D-D989-4B67-B615-0BAB36BF93A8}.Ad-Hoc|x64.ActiveCfg = Release|Any CPU
		{20EA275D-D989-4B67-B615-0BAB36BF93A8}.Ad-Hoc|x64.Build.0 = Release|Any CPU
		{20EA275D-D989-4B67-B615-0BAB36BF93A8}.Ad-Hoc|x86.ActiveCfg = Release|Any CPU
		{20EA275D-D989-4B67-B615-0BAB36BF93A8}.Ad-Hoc|x86.Build.0 = Release|Any CPU
		{20EA275D-D989-4B67-B615-0BAB36BF93A8}.AppStore|Any CPU.ActiveCfg = Release|Any CPU
		{20EA275D-D989-4B67-B615-0BAB36BF93A8}.AppStore|Any CPU.Build.0 = Release|Any CPU
		{20EA275D-D989-4B67-B615-0BAB36BF93A8}.AppStore|ARM.ActiveCfg = Release|Any CPU
		{20EA275D-D989-4B67-B615-0BAB36BF93A8}.AppStore|ARM.Build.0 = Release|Any CPU
		{20EA275D-D989-4B67-B615-0BAB36BF93A8}.AppStore|iPhone.ActiveCfg = Release|Any CPU
		{20EA275D-D989-4B67-B615-0BAB36BF93A8}.AppStore|iPhone.Build.0 = Release|Any CPU
		{20EA275D-D989-4B67-B615-0BAB36BF93A8}.AppStore|iPhoneSimulator.ActiveCfg = Release|Any CPU
		{20EA275D-D989-4B67-B615-0BAB36BF93A8}.AppStore|iPhoneSimulator.Build.0 = Release|Any CPU
		{20EA275D-D989-4B67-B615-0BAB36BF93A8}.AppStore|x64.ActiveCfg = Release|Any CPU
		{20EA275D-D989-4B67-B615-0BAB36BF93A8}.AppStore|x64.Build.0 = Release|Any CPU
		{20EA275D-D989-4B67-B615-0BAB36BF93A8}.AppStore|x86.ActiveCfg = Release|Any CPU
		{20EA275D-D989-4B67-B615-0BAB36BF93A8}.AppStore|x86.Build.0 = Release|Any CPU
		{20EA275D-D989-4B67-B615-0BAB36BF93A8}.Debug|Any CPU.ActiveCfg = Debug|Any CPU
		{20EA275D-D989-4B67-B615-0BAB36BF93A8}.Debug|Any CPU.Build.0 = Debug|Any CPU
		{20EA275D-D989-4B67-B615-0BAB36BF93A8}.Debug|ARM.ActiveCfg = Debug|Any CPU
		{20EA275D-D989-4B67-B615-0BAB36BF93A8}.Debug|ARM.Build.0 = Debug|Any CPU
		{20EA275D-D989-4B67-B615-0BAB36BF93A8}.Debug|iPhone.ActiveCfg = Debug|Any CPU
		{20EA275D-D989-4B67-B615-0BAB36BF93A8}.Debug|iPhone.Build.0 = Debug|Any CPU
		{20EA275D-D989-4B67-B615-0BAB36BF93A8}.Debug|iPhoneSimulator.ActiveCfg = Debug|Any CPU
		{20EA275D-D989-4B67-B615-0BAB36BF93A8}.Debug|iPhoneSimulator.Build.0 = Debug|Any CPU
		{20EA275D-D989-4B67-B615-0BAB36BF93A8}.Debug|x64.ActiveCfg = Debug|Any CPU
		{20EA275D-D989-4B67-B615-0BAB36BF93A8}.Debug|x64.Build.0 = Debug|Any CPU
		{20EA275D-D989-4B67-B615-0BAB36BF93A8}.Debug|x86.ActiveCfg = Debug|Any CPU
		{20EA275D-D989-4B67-B615-0BAB36BF93A8}.Debug|x86.Build.0 = Debug|Any CPU
		{20EA275D-D989-4B67-B615-0BAB36BF93A8}.Release|Any CPU.ActiveCfg = Release|Any CPU
		{20EA275D-D989-4B67-B615-0BAB36BF93A8}.Release|Any CPU.Build.0 = Release|Any CPU
		{20EA275D-D989-4B67-B615-0BAB36BF93A8}.Release|ARM.ActiveCfg = Release|Any CPU
		{20EA275D-D989-4B67-B615-0BAB36BF93A8}.Release|ARM.Build.0 = Release|Any CPU
		{20EA275D-D989-4B67-B615-0BAB36BF93A8}.Release|iPhone.ActiveCfg = Release|Any CPU
		{20EA275D-D989-4B67-B615-0BAB36BF93A8}.Release|iPhone.Build.0 = Release|Any CPU
		{20EA275D-D989-4B67-B615-0BAB36BF93A8}.Release|iPhoneSimulator.ActiveCfg = Release|Any CPU
		{20EA275D-D989-4B67-B615-0BAB36BF93A8}.Release|iPhoneSimulator.Build.0 = Release|Any CPU
		{20EA275D-D989-4B67-B615-0BAB36BF93A8}.Release|x64.ActiveCfg = Release|Any CPU
		{20EA275D-D989-4B67-B615-0BAB36BF93A8}.Release|x64.Build.0 = Release|Any CPU
		{20EA275D-D989-4B67-B615-0BAB36BF93A8}.Release|x86.ActiveCfg = Release|Any CPU
		{20EA275D-D989-4B67-B615-0BAB36BF93A8}.Release|x86.Build.0 = Release|Any CPU
		{59B2A9B6-0BB0-4F57-A46E-56280C9CFFEE}.Ad-Hoc|Any CPU.ActiveCfg = Debug|Any CPU
		{59B2A9B6-0BB0-4F57-A46E-56280C9CFFEE}.Ad-Hoc|Any CPU.Build.0 = Debug|Any CPU
		{59B2A9B6-0BB0-4F57-A46E-56280C9CFFEE}.Ad-Hoc|ARM.ActiveCfg = Debug|Any CPU
		{59B2A9B6-0BB0-4F57-A46E-56280C9CFFEE}.Ad-Hoc|ARM.Build.0 = Debug|Any CPU
		{59B2A9B6-0BB0-4F57-A46E-56280C9CFFEE}.Ad-Hoc|iPhone.ActiveCfg = Debug|Any CPU
		{59B2A9B6-0BB0-4F57-A46E-56280C9CFFEE}.Ad-Hoc|iPhone.Build.0 = Debug|Any CPU
		{59B2A9B6-0BB0-4F57-A46E-56280C9CFFEE}.Ad-Hoc|iPhoneSimulator.ActiveCfg = Debug|Any CPU
		{59B2A9B6-0BB0-4F57-A46E-56280C9CFFEE}.Ad-Hoc|iPhoneSimulator.Build.0 = Debug|Any CPU
		{59B2A9B6-0BB0-4F57-A46E-56280C9CFFEE}.Ad-Hoc|x64.ActiveCfg = Debug|Any CPU
		{59B2A9B6-0BB0-4F57-A46E-56280C9CFFEE}.Ad-Hoc|x64.Build.0 = Debug|Any CPU
		{59B2A9B6-0BB0-4F57-A46E-56280C9CFFEE}.Ad-Hoc|x86.ActiveCfg = Debug|Any CPU
		{59B2A9B6-0BB0-4F57-A46E-56280C9CFFEE}.Ad-Hoc|x86.Build.0 = Debug|Any CPU
		{59B2A9B6-0BB0-4F57-A46E-56280C9CFFEE}.AppStore|Any CPU.ActiveCfg = Debug|Any CPU
		{59B2A9B6-0BB0-4F57-A46E-56280C9CFFEE}.AppStore|Any CPU.Build.0 = Debug|Any CPU
		{59B2A9B6-0BB0-4F57-A46E-56280C9CFFEE}.AppStore|ARM.ActiveCfg = Debug|Any CPU
		{59B2A9B6-0BB0-4F57-A46E-56280C9CFFEE}.AppStore|ARM.Build.0 = Debug|Any CPU
		{59B2A9B6-0BB0-4F57-A46E-56280C9CFFEE}.AppStore|iPhone.ActiveCfg = Debug|Any CPU
		{59B2A9B6-0BB0-4F57-A46E-56280C9CFFEE}.AppStore|iPhone.Build.0 = Debug|Any CPU
		{59B2A9B6-0BB0-4F57-A46E-56280C9CFFEE}.AppStore|iPhoneSimulator.ActiveCfg = Debug|Any CPU
		{59B2A9B6-0BB0-4F57-A46E-56280C9CFFEE}.AppStore|iPhoneSimulator.Build.0 = Debug|Any CPU
		{59B2A9B6-0BB0-4F57-A46E-56280C9CFFEE}.AppStore|x64.ActiveCfg = Debug|Any CPU
		{59B2A9B6-0BB0-4F57-A46E-56280C9CFFEE}.AppStore|x64.Build.0 = Debug|Any CPU
		{59B2A9B6-0BB0-4F57-A46E-56280C9CFFEE}.AppStore|x86.ActiveCfg = Debug|Any CPU
		{59B2A9B6-0BB0-4F57-A46E-56280C9CFFEE}.AppStore|x86.Build.0 = Debug|Any CPU
		{59B2A9B6-0BB0-4F57-A46E-56280C9CFFEE}.Debug|Any CPU.ActiveCfg = Debug|Any CPU
		{59B2A9B6-0BB0-4F57-A46E-56280C9CFFEE}.Debug|Any CPU.Build.0 = Debug|Any CPU
		{59B2A9B6-0BB0-4F57-A46E-56280C9CFFEE}.Debug|ARM.ActiveCfg = Debug|Any CPU
		{59B2A9B6-0BB0-4F57-A46E-56280C9CFFEE}.Debug|ARM.Build.0 = Debug|Any CPU
		{59B2A9B6-0BB0-4F57-A46E-56280C9CFFEE}.Debug|iPhone.ActiveCfg = Debug|Any CPU
		{59B2A9B6-0BB0-4F57-A46E-56280C9CFFEE}.Debug|iPhone.Build.0 = Debug|Any CPU
		{59B2A9B6-0BB0-4F57-A46E-56280C9CFFEE}.Debug|iPhoneSimulator.ActiveCfg = Debug|Any CPU
		{59B2A9B6-0BB0-4F57-A46E-56280C9CFFEE}.Debug|iPhoneSimulator.Build.0 = Debug|Any CPU
		{59B2A9B6-0BB0-4F57-A46E-56280C9CFFEE}.Debug|x64.ActiveCfg = Debug|Any CPU
		{59B2A9B6-0BB0-4F57-A46E-56280C9CFFEE}.Debug|x64.Build.0 = Debug|Any CPU
		{59B2A9B6-0BB0-4F57-A46E-56280C9CFFEE}.Debug|x86.ActiveCfg = Debug|Any CPU
		{59B2A9B6-0BB0-4F57-A46E-56280C9CFFEE}.Debug|x86.Build.0 = Debug|Any CPU
		{59B2A9B6-0BB0-4F57-A46E-56280C9CFFEE}.Release|Any CPU.ActiveCfg = Release|Any CPU
		{59B2A9B6-0BB0-4F57-A46E-56280C9CFFEE}.Release|Any CPU.Build.0 = Release|Any CPU
		{59B2A9B6-0BB0-4F57-A46E-56280C9CFFEE}.Release|ARM.ActiveCfg = Release|Any CPU
		{59B2A9B6-0BB0-4F57-A46E-56280C9CFFEE}.Release|ARM.Build.0 = Release|Any CPU
		{59B2A9B6-0BB0-4F57-A46E-56280C9CFFEE}.Release|iPhone.ActiveCfg = Release|Any CPU
		{59B2A9B6-0BB0-4F57-A46E-56280C9CFFEE}.Release|iPhone.Build.0 = Release|Any CPU
		{59B2A9B6-0BB0-4F57-A46E-56280C9CFFEE}.Release|iPhoneSimulator.ActiveCfg = Release|Any CPU
		{59B2A9B6-0BB0-4F57-A46E-56280C9CFFEE}.Release|iPhoneSimulator.Build.0 = Release|Any CPU
		{59B2A9B6-0BB0-4F57-A46E-56280C9CFFEE}.Release|x64.ActiveCfg = Release|Any CPU
		{59B2A9B6-0BB0-4F57-A46E-56280C9CFFEE}.Release|x64.Build.0 = Release|Any CPU
		{59B2A9B6-0BB0-4F57-A46E-56280C9CFFEE}.Release|x86.ActiveCfg = Release|Any CPU
		{59B2A9B6-0BB0-4F57-A46E-56280C9CFFEE}.Release|x86.Build.0 = Release|Any CPU
		{5CED7538-15E4-4694-BDB4-DF2C10256CA5}.Ad-Hoc|Any CPU.ActiveCfg = Release|Any CPU
		{5CED7538-15E4-4694-BDB4-DF2C10256CA5}.Ad-Hoc|Any CPU.Build.0 = Release|Any CPU
		{5CED7538-15E4-4694-BDB4-DF2C10256CA5}.Ad-Hoc|ARM.ActiveCfg = Release|Any CPU
		{5CED7538-15E4-4694-BDB4-DF2C10256CA5}.Ad-Hoc|ARM.Build.0 = Release|Any CPU
		{5CED7538-15E4-4694-BDB4-DF2C10256CA5}.Ad-Hoc|iPhone.ActiveCfg = Release|Any CPU
		{5CED7538-15E4-4694-BDB4-DF2C10256CA5}.Ad-Hoc|iPhone.Build.0 = Release|Any CPU
		{5CED7538-15E4-4694-BDB4-DF2C10256CA5}.Ad-Hoc|iPhoneSimulator.ActiveCfg = Release|Any CPU
		{5CED7538-15E4-4694-BDB4-DF2C10256CA5}.Ad-Hoc|iPhoneSimulator.Build.0 = Release|Any CPU
		{5CED7538-15E4-4694-BDB4-DF2C10256CA5}.Ad-Hoc|x64.ActiveCfg = Release|Any CPU
		{5CED7538-15E4-4694-BDB4-DF2C10256CA5}.Ad-Hoc|x64.Build.0 = Release|Any CPU
		{5CED7538-15E4-4694-BDB4-DF2C10256CA5}.Ad-Hoc|x86.ActiveCfg = Release|Any CPU
		{5CED7538-15E4-4694-BDB4-DF2C10256CA5}.Ad-Hoc|x86.Build.0 = Release|Any CPU
		{5CED7538-15E4-4694-BDB4-DF2C10256CA5}.AppStore|Any CPU.ActiveCfg = Release|Any CPU
		{5CED7538-15E4-4694-BDB4-DF2C10256CA5}.AppStore|Any CPU.Build.0 = Release|Any CPU
		{5CED7538-15E4-4694-BDB4-DF2C10256CA5}.AppStore|ARM.ActiveCfg = Release|Any CPU
		{5CED7538-15E4-4694-BDB4-DF2C10256CA5}.AppStore|ARM.Build.0 = Release|Any CPU
		{5CED7538-15E4-4694-BDB4-DF2C10256CA5}.AppStore|iPhone.ActiveCfg = Release|Any CPU
		{5CED7538-15E4-4694-BDB4-DF2C10256CA5}.AppStore|iPhone.Build.0 = Release|Any CPU
		{5CED7538-15E4-4694-BDB4-DF2C10256CA5}.AppStore|iPhoneSimulator.ActiveCfg = Release|Any CPU
		{5CED7538-15E4-4694-BDB4-DF2C10256CA5}.AppStore|iPhoneSimulator.Build.0 = Release|Any CPU
		{5CED7538-15E4-4694-BDB4-DF2C10256CA5}.AppStore|x64.ActiveCfg = Release|Any CPU
		{5CED7538-15E4-4694-BDB4-DF2C10256CA5}.AppStore|x64.Build.0 = Release|Any CPU
		{5CED7538-15E4-4694-BDB4-DF2C10256CA5}.AppStore|x86.ActiveCfg = Release|Any CPU
		{5CED7538-15E4-4694-BDB4-DF2C10256CA5}.AppStore|x86.Build.0 = Release|Any CPU
		{5CED7538-15E4-4694-BDB4-DF2C10256CA5}.Debug|Any CPU.ActiveCfg = Debug|Any CPU
		{5CED7538-15E4-4694-BDB4-DF2C10256CA5}.Debug|Any CPU.Build.0 = Debug|Any CPU
		{5CED7538-15E4-4694-BDB4-DF2C10256CA5}.Debug|ARM.ActiveCfg = Debug|Any CPU
		{5CED7538-15E4-4694-BDB4-DF2C10256CA5}.Debug|ARM.Build.0 = Debug|Any CPU
		{5CED7538-15E4-4694-BDB4-DF2C10256CA5}.Debug|iPhone.ActiveCfg = Debug|Any CPU
		{5CED7538-15E4-4694-BDB4-DF2C10256CA5}.Debug|iPhone.Build.0 = Debug|Any CPU
		{5CED7538-15E4-4694-BDB4-DF2C10256CA5}.Debug|iPhoneSimulator.ActiveCfg = Debug|Any CPU
		{5CED7538-15E4-4694-BDB4-DF2C10256CA5}.Debug|iPhoneSimulator.Build.0 = Debug|Any CPU
		{5CED7538-15E4-4694-BDB4-DF2C10256CA5}.Debug|x64.ActiveCfg = Debug|Any CPU
		{5CED7538-15E4-4694-BDB4-DF2C10256CA5}.Debug|x64.Build.0 = Debug|Any CPU
		{5CED7538-15E4-4694-BDB4-DF2C10256CA5}.Debug|x86.ActiveCfg = Debug|Any CPU
		{5CED7538-15E4-4694-BDB4-DF2C10256CA5}.Debug|x86.Build.0 = Debug|Any CPU
		{5CED7538-15E4-4694-BDB4-DF2C10256CA5}.Release|Any CPU.ActiveCfg = Release|Any CPU
		{5CED7538-15E4-4694-BDB4-DF2C10256CA5}.Release|Any CPU.Build.0 = Release|Any CPU
		{5CED7538-15E4-4694-BDB4-DF2C10256CA5}.Release|ARM.ActiveCfg = Release|Any CPU
		{5CED7538-15E4-4694-BDB4-DF2C10256CA5}.Release|ARM.Build.0 = Release|Any CPU
		{5CED7538-15E4-4694-BDB4-DF2C10256CA5}.Release|iPhone.ActiveCfg = Release|Any CPU
		{5CED7538-15E4-4694-BDB4-DF2C10256CA5}.Release|iPhone.Build.0 = Release|Any CPU
		{5CED7538-15E4-4694-BDB4-DF2C10256CA5}.Release|iPhoneSimulator.ActiveCfg = Release|Any CPU
		{5CED7538-15E4-4694-BDB4-DF2C10256CA5}.Release|iPhoneSimulator.Build.0 = Release|Any CPU
		{5CED7538-15E4-4694-BDB4-DF2C10256CA5}.Release|x64.ActiveCfg = Release|Any CPU
		{5CED7538-15E4-4694-BDB4-DF2C10256CA5}.Release|x64.Build.0 = Release|Any CPU
		{5CED7538-15E4-4694-BDB4-DF2C10256CA5}.Release|x86.ActiveCfg = Release|Any CPU
		{5CED7538-15E4-4694-BDB4-DF2C10256CA5}.Release|x86.Build.0 = Release|Any CPU
		{19B4C543-B1E0-4F90-9EAE-FE4C406F1334}.Ad-Hoc|Any CPU.ActiveCfg = Release|Any CPU
		{19B4C543-B1E0-4F90-9EAE-FE4C406F1334}.Ad-Hoc|Any CPU.Build.0 = Release|Any CPU
		{19B4C543-B1E0-4F90-9EAE-FE4C406F1334}.Ad-Hoc|ARM.ActiveCfg = Release|Any CPU
		{19B4C543-B1E0-4F90-9EAE-FE4C406F1334}.Ad-Hoc|ARM.Build.0 = Release|Any CPU
		{19B4C543-B1E0-4F90-9EAE-FE4C406F1334}.Ad-Hoc|iPhone.ActiveCfg = Release|Any CPU
		{19B4C543-B1E0-4F90-9EAE-FE4C406F1334}.Ad-Hoc|iPhone.Build.0 = Release|Any CPU
		{19B4C543-B1E0-4F90-9EAE-FE4C406F1334}.Ad-Hoc|iPhoneSimulator.ActiveCfg = Release|Any CPU
		{19B4C543-B1E0-4F90-9EAE-FE4C406F1334}.Ad-Hoc|iPhoneSimulator.Build.0 = Release|Any CPU
		{19B4C543-B1E0-4F90-9EAE-FE4C406F1334}.Ad-Hoc|x64.ActiveCfg = Release|Any CPU
		{19B4C543-B1E0-4F90-9EAE-FE4C406F1334}.Ad-Hoc|x64.Build.0 = Release|Any CPU
		{19B4C543-B1E0-4F90-9EAE-FE4C406F1334}.Ad-Hoc|x86.ActiveCfg = Release|Any CPU
		{19B4C543-B1E0-4F90-9EAE-FE4C406F1334}.Ad-Hoc|x86.Build.0 = Release|Any CPU
		{19B4C543-B1E0-4F90-9EAE-FE4C406F1334}.AppStore|Any CPU.ActiveCfg = Release|Any CPU
		{19B4C543-B1E0-4F90-9EAE-FE4C406F1334}.AppStore|Any CPU.Build.0 = Release|Any CPU
		{19B4C543-B1E0-4F90-9EAE-FE4C406F1334}.AppStore|ARM.ActiveCfg = Release|Any CPU
		{19B4C543-B1E0-4F90-9EAE-FE4C406F1334}.AppStore|ARM.Build.0 = Release|Any CPU
		{19B4C543-B1E0-4F90-9EAE-FE4C406F1334}.AppStore|iPhone.ActiveCfg = Release|Any CPU
		{19B4C543-B1E0-4F90-9EAE-FE4C406F1334}.AppStore|iPhone.Build.0 = Release|Any CPU
		{19B4C543-B1E0-4F90-9EAE-FE4C406F1334}.AppStore|iPhoneSimulator.ActiveCfg = Release|Any CPU
		{19B4C543-B1E0-4F90-9EAE-FE4C406F1334}.AppStore|iPhoneSimulator.Build.0 = Release|Any CPU
		{19B4C543-B1E0-4F90-9EAE-FE4C406F1334}.AppStore|x64.ActiveCfg = Release|Any CPU
		{19B4C543-B1E0-4F90-9EAE-FE4C406F1334}.AppStore|x64.Build.0 = Release|Any CPU
		{19B4C543-B1E0-4F90-9EAE-FE4C406F1334}.AppStore|x86.ActiveCfg = Release|Any CPU
		{19B4C543-B1E0-4F90-9EAE-FE4C406F1334}.AppStore|x86.Build.0 = Release|Any CPU
		{19B4C543-B1E0-4F90-9EAE-FE4C406F1334}.Debug|Any CPU.ActiveCfg = Debug|Any CPU
		{19B4C543-B1E0-4F90-9EAE-FE4C406F1334}.Debug|Any CPU.Build.0 = Debug|Any CPU
		{19B4C543-B1E0-4F90-9EAE-FE4C406F1334}.Debug|ARM.ActiveCfg = Debug|Any CPU
		{19B4C543-B1E0-4F90-9EAE-FE4C406F1334}.Debug|ARM.Build.0 = Debug|Any CPU
		{19B4C543-B1E0-4F90-9EAE-FE4C406F1334}.Debug|iPhone.ActiveCfg = Debug|Any CPU
		{19B4C543-B1E0-4F90-9EAE-FE4C406F1334}.Debug|iPhone.Build.0 = Debug|Any CPU
		{19B4C543-B1E0-4F90-9EAE-FE4C406F1334}.Debug|iPhoneSimulator.ActiveCfg = Debug|Any CPU
		{19B4C543-B1E0-4F90-9EAE-FE4C406F1334}.Debug|iPhoneSimulator.Build.0 = Debug|Any CPU
		{19B4C543-B1E0-4F90-9EAE-FE4C406F1334}.Debug|x64.ActiveCfg = Debug|Any CPU
		{19B4C543-B1E0-4F90-9EAE-FE4C406F1334}.Debug|x64.Build.0 = Debug|Any CPU
		{19B4C543-B1E0-4F90-9EAE-FE4C406F1334}.Debug|x86.ActiveCfg = Debug|Any CPU
		{19B4C543-B1E0-4F90-9EAE-FE4C406F1334}.Debug|x86.Build.0 = Debug|Any CPU
		{19B4C543-B1E0-4F90-9EAE-FE4C406F1334}.Release|Any CPU.ActiveCfg = Release|Any CPU
		{19B4C543-B1E0-4F90-9EAE-FE4C406F1334}.Release|Any CPU.Build.0 = Release|Any CPU
		{19B4C543-B1E0-4F90-9EAE-FE4C406F1334}.Release|ARM.ActiveCfg = Release|Any CPU
		{19B4C543-B1E0-4F90-9EAE-FE4C406F1334}.Release|ARM.Build.0 = Release|Any CPU
		{19B4C543-B1E0-4F90-9EAE-FE4C406F1334}.Release|iPhone.ActiveCfg = Release|Any CPU
		{19B4C543-B1E0-4F90-9EAE-FE4C406F1334}.Release|iPhone.Build.0 = Release|Any CPU
		{19B4C543-B1E0-4F90-9EAE-FE4C406F1334}.Release|iPhoneSimulator.ActiveCfg = Release|Any CPU
		{19B4C543-B1E0-4F90-9EAE-FE4C406F1334}.Release|iPhoneSimulator.Build.0 = Release|Any CPU
		{19B4C543-B1E0-4F90-9EAE-FE4C406F1334}.Release|x64.ActiveCfg = Release|Any CPU
		{19B4C543-B1E0-4F90-9EAE-FE4C406F1334}.Release|x64.Build.0 = Release|Any CPU
		{19B4C543-B1E0-4F90-9EAE-FE4C406F1334}.Release|x86.ActiveCfg = Release|Any CPU
		{19B4C543-B1E0-4F90-9EAE-FE4C406F1334}.Release|x86.Build.0 = Release|Any CPU
		{DFAF715D-EF16-4624-B8B9-0537A90E292E}.Ad-Hoc|Any CPU.ActiveCfg = Release|Any CPU
		{DFAF715D-EF16-4624-B8B9-0537A90E292E}.Ad-Hoc|Any CPU.Build.0 = Release|Any CPU
		{DFAF715D-EF16-4624-B8B9-0537A90E292E}.Ad-Hoc|ARM.ActiveCfg = Release|Any CPU
		{DFAF715D-EF16-4624-B8B9-0537A90E292E}.Ad-Hoc|ARM.Build.0 = Release|Any CPU
		{DFAF715D-EF16-4624-B8B9-0537A90E292E}.Ad-Hoc|iPhone.ActiveCfg = Release|Any CPU
		{DFAF715D-EF16-4624-B8B9-0537A90E292E}.Ad-Hoc|iPhone.Build.0 = Release|Any CPU
		{DFAF715D-EF16-4624-B8B9-0537A90E292E}.Ad-Hoc|iPhoneSimulator.ActiveCfg = Release|Any CPU
		{DFAF715D-EF16-4624-B8B9-0537A90E292E}.Ad-Hoc|iPhoneSimulator.Build.0 = Release|Any CPU
		{DFAF715D-EF16-4624-B8B9-0537A90E292E}.Ad-Hoc|x64.ActiveCfg = Release|Any CPU
		{DFAF715D-EF16-4624-B8B9-0537A90E292E}.Ad-Hoc|x64.Build.0 = Release|Any CPU
		{DFAF715D-EF16-4624-B8B9-0537A90E292E}.Ad-Hoc|x86.ActiveCfg = Release|Any CPU
		{DFAF715D-EF16-4624-B8B9-0537A90E292E}.Ad-Hoc|x86.Build.0 = Release|Any CPU
		{DFAF715D-EF16-4624-B8B9-0537A90E292E}.AppStore|Any CPU.ActiveCfg = Release|Any CPU
		{DFAF715D-EF16-4624-B8B9-0537A90E292E}.AppStore|Any CPU.Build.0 = Release|Any CPU
		{DFAF715D-EF16-4624-B8B9-0537A90E292E}.AppStore|ARM.ActiveCfg = Release|Any CPU
		{DFAF715D-EF16-4624-B8B9-0537A90E292E}.AppStore|ARM.Build.0 = Release|Any CPU
		{DFAF715D-EF16-4624-B8B9-0537A90E292E}.AppStore|iPhone.ActiveCfg = Release|Any CPU
		{DFAF715D-EF16-4624-B8B9-0537A90E292E}.AppStore|iPhone.Build.0 = Release|Any CPU
		{DFAF715D-EF16-4624-B8B9-0537A90E292E}.AppStore|iPhoneSimulator.ActiveCfg = Release|Any CPU
		{DFAF715D-EF16-4624-B8B9-0537A90E292E}.AppStore|iPhoneSimulator.Build.0 = Release|Any CPU
		{DFAF715D-EF16-4624-B8B9-0537A90E292E}.AppStore|x64.ActiveCfg = Release|Any CPU
		{DFAF715D-EF16-4624-B8B9-0537A90E292E}.AppStore|x64.Build.0 = Release|Any CPU
		{DFAF715D-EF16-4624-B8B9-0537A90E292E}.AppStore|x86.ActiveCfg = Release|Any CPU
		{DFAF715D-EF16-4624-B8B9-0537A90E292E}.AppStore|x86.Build.0 = Release|Any CPU
		{DFAF715D-EF16-4624-B8B9-0537A90E292E}.Debug|Any CPU.ActiveCfg = Debug|Any CPU
		{DFAF715D-EF16-4624-B8B9-0537A90E292E}.Debug|Any CPU.Build.0 = Debug|Any CPU
		{DFAF715D-EF16-4624-B8B9-0537A90E292E}.Debug|ARM.ActiveCfg = Debug|Any CPU
		{DFAF715D-EF16-4624-B8B9-0537A90E292E}.Debug|ARM.Build.0 = Debug|Any CPU
		{DFAF715D-EF16-4624-B8B9-0537A90E292E}.Debug|iPhone.ActiveCfg = Debug|Any CPU
		{DFAF715D-EF16-4624-B8B9-0537A90E292E}.Debug|iPhone.Build.0 = Debug|Any CPU
		{DFAF715D-EF16-4624-B8B9-0537A90E292E}.Debug|iPhoneSimulator.ActiveCfg = Debug|Any CPU
		{DFAF715D-EF16-4624-B8B9-0537A90E292E}.Debug|iPhoneSimulator.Build.0 = Debug|Any CPU
		{DFAF715D-EF16-4624-B8B9-0537A90E292E}.Debug|x64.ActiveCfg = Debug|Any CPU
		{DFAF715D-EF16-4624-B8B9-0537A90E292E}.Debug|x64.Build.0 = Debug|Any CPU
		{DFAF715D-EF16-4624-B8B9-0537A90E292E}.Debug|x86.ActiveCfg = Debug|Any CPU
		{DFAF715D-EF16-4624-B8B9-0537A90E292E}.Debug|x86.Build.0 = Debug|Any CPU
		{DFAF715D-EF16-4624-B8B9-0537A90E292E}.Release|Any CPU.ActiveCfg = Release|Any CPU
		{DFAF715D-EF16-4624-B8B9-0537A90E292E}.Release|Any CPU.Build.0 = Release|Any CPU
		{DFAF715D-EF16-4624-B8B9-0537A90E292E}.Release|ARM.ActiveCfg = Release|Any CPU
		{DFAF715D-EF16-4624-B8B9-0537A90E292E}.Release|ARM.Build.0 = Release|Any CPU
		{DFAF715D-EF16-4624-B8B9-0537A90E292E}.Release|iPhone.ActiveCfg = Release|Any CPU
		{DFAF715D-EF16-4624-B8B9-0537A90E292E}.Release|iPhone.Build.0 = Release|Any CPU
		{DFAF715D-EF16-4624-B8B9-0537A90E292E}.Release|iPhoneSimulator.ActiveCfg = Release|Any CPU
		{DFAF715D-EF16-4624-B8B9-0537A90E292E}.Release|iPhoneSimulator.Build.0 = Release|Any CPU
		{DFAF715D-EF16-4624-B8B9-0537A90E292E}.Release|x64.ActiveCfg = Release|Any CPU
		{DFAF715D-EF16-4624-B8B9-0537A90E292E}.Release|x64.Build.0 = Release|Any CPU
		{DFAF715D-EF16-4624-B8B9-0537A90E292E}.Release|x86.ActiveCfg = Release|Any CPU
		{DFAF715D-EF16-4624-B8B9-0537A90E292E}.Release|x86.Build.0 = Release|Any CPU
		{96ED2C3D-5F07-4949-B4F8-99AF04D49222}.Ad-Hoc|Any CPU.ActiveCfg = Release|Any CPU
		{96ED2C3D-5F07-4949-B4F8-99AF04D49222}.Ad-Hoc|Any CPU.Build.0 = Release|Any CPU
		{96ED2C3D-5F07-4949-B4F8-99AF04D49222}.Ad-Hoc|ARM.ActiveCfg = Release|Any CPU
		{96ED2C3D-5F07-4949-B4F8-99AF04D49222}.Ad-Hoc|ARM.Build.0 = Release|Any CPU
		{96ED2C3D-5F07-4949-B4F8-99AF04D49222}.Ad-Hoc|iPhone.ActiveCfg = Release|Any CPU
		{96ED2C3D-5F07-4949-B4F8-99AF04D49222}.Ad-Hoc|iPhone.Build.0 = Release|Any CPU
		{96ED2C3D-5F07-4949-B4F8-99AF04D49222}.Ad-Hoc|iPhoneSimulator.ActiveCfg = Release|Any CPU
		{96ED2C3D-5F07-4949-B4F8-99AF04D49222}.Ad-Hoc|iPhoneSimulator.Build.0 = Release|Any CPU
		{96ED2C3D-5F07-4949-B4F8-99AF04D49222}.Ad-Hoc|x64.ActiveCfg = Release|Any CPU
		{96ED2C3D-5F07-4949-B4F8-99AF04D49222}.Ad-Hoc|x64.Build.0 = Release|Any CPU
		{96ED2C3D-5F07-4949-B4F8-99AF04D49222}.Ad-Hoc|x86.ActiveCfg = Release|Any CPU
		{96ED2C3D-5F07-4949-B4F8-99AF04D49222}.Ad-Hoc|x86.Build.0 = Release|Any CPU
		{96ED2C3D-5F07-4949-B4F8-99AF04D49222}.AppStore|Any CPU.ActiveCfg = Release|Any CPU
		{96ED2C3D-5F07-4949-B4F8-99AF04D49222}.AppStore|Any CPU.Build.0 = Release|Any CPU
		{96ED2C3D-5F07-4949-B4F8-99AF04D49222}.AppStore|ARM.ActiveCfg = Release|Any CPU
		{96ED2C3D-5F07-4949-B4F8-99AF04D49222}.AppStore|ARM.Build.0 = Release|Any CPU
		{96ED2C3D-5F07-4949-B4F8-99AF04D49222}.AppStore|iPhone.ActiveCfg = Release|Any CPU
		{96ED2C3D-5F07-4949-B4F8-99AF04D49222}.AppStore|iPhone.Build.0 = Release|Any CPU
		{96ED2C3D-5F07-4949-B4F8-99AF04D49222}.AppStore|iPhoneSimulator.ActiveCfg = Release|Any CPU
		{96ED2C3D-5F07-4949-B4F8-99AF04D49222}.AppStore|iPhoneSimulator.Build.0 = Release|Any CPU
		{96ED2C3D-5F07-4949-B4F8-99AF04D49222}.AppStore|x64.ActiveCfg = Release|Any CPU
		{96ED2C3D-5F07-4949-B4F8-99AF04D49222}.AppStore|x64.Build.0 = Release|Any CPU
		{96ED2C3D-5F07-4949-B4F8-99AF04D49222}.AppStore|x86.ActiveCfg = Release|Any CPU
		{96ED2C3D-5F07-4949-B4F8-99AF04D49222}.AppStore|x86.Build.0 = Release|Any CPU
		{96ED2C3D-5F07-4949-B4F8-99AF04D49222}.Debug|Any CPU.ActiveCfg = Debug|Any CPU
		{96ED2C3D-5F07-4949-B4F8-99AF04D49222}.Debug|Any CPU.Build.0 = Debug|Any CPU
		{96ED2C3D-5F07-4949-B4F8-99AF04D49222}.Debug|ARM.ActiveCfg = Debug|Any CPU
		{96ED2C3D-5F07-4949-B4F8-99AF04D49222}.Debug|ARM.Build.0 = Debug|Any CPU
		{96ED2C3D-5F07-4949-B4F8-99AF04D49222}.Debug|iPhone.ActiveCfg = Debug|Any CPU
		{96ED2C3D-5F07-4949-B4F8-99AF04D49222}.Debug|iPhone.Build.0 = Debug|Any CPU
		{96ED2C3D-5F07-4949-B4F8-99AF04D49222}.Debug|iPhoneSimulator.ActiveCfg = Debug|Any CPU
		{96ED2C3D-5F07-4949-B4F8-99AF04D49222}.Debug|iPhoneSimulator.Build.0 = Debug|Any CPU
		{96ED2C3D-5F07-4949-B4F8-99AF04D49222}.Debug|x64.ActiveCfg = Debug|Any CPU
		{96ED2C3D-5F07-4949-B4F8-99AF04D49222}.Debug|x64.Build.0 = Debug|Any CPU
		{96ED2C3D-5F07-4949-B4F8-99AF04D49222}.Debug|x86.ActiveCfg = Debug|Any CPU
		{96ED2C3D-5F07-4949-B4F8-99AF04D49222}.Debug|x86.Build.0 = Debug|Any CPU
		{96ED2C3D-5F07-4949-B4F8-99AF04D49222}.Release|Any CPU.ActiveCfg = Release|Any CPU
		{96ED2C3D-5F07-4949-B4F8-99AF04D49222}.Release|Any CPU.Build.0 = Release|Any CPU
		{96ED2C3D-5F07-4949-B4F8-99AF04D49222}.Release|ARM.ActiveCfg = Release|Any CPU
		{96ED2C3D-5F07-4949-B4F8-99AF04D49222}.Release|ARM.Build.0 = Release|Any CPU
		{96ED2C3D-5F07-4949-B4F8-99AF04D49222}.Release|iPhone.ActiveCfg = Release|Any CPU
		{96ED2C3D-5F07-4949-B4F8-99AF04D49222}.Release|iPhone.Build.0 = Release|Any CPU
		{96ED2C3D-5F07-4949-B4F8-99AF04D49222}.Release|iPhoneSimulator.ActiveCfg = Release|Any CPU
		{96ED2C3D-5F07-4949-B4F8-99AF04D49222}.Release|iPhoneSimulator.Build.0 = Release|Any CPU
		{96ED2C3D-5F07-4949-B4F8-99AF04D49222}.Release|x64.ActiveCfg = Release|Any CPU
		{96ED2C3D-5F07-4949-B4F8-99AF04D49222}.Release|x64.Build.0 = Release|Any CPU
		{96ED2C3D-5F07-4949-B4F8-99AF04D49222}.Release|x86.ActiveCfg = Release|Any CPU
		{96ED2C3D-5F07-4949-B4F8-99AF04D49222}.Release|x86.Build.0 = Release|Any CPU
		{3F48E0DA-1AE4-484C-9DF8-A2583EF76541}.Ad-Hoc|Any CPU.ActiveCfg = Release|Any CPU
		{3F48E0DA-1AE4-484C-9DF8-A2583EF76541}.Ad-Hoc|Any CPU.Build.0 = Release|Any CPU
		{3F48E0DA-1AE4-484C-9DF8-A2583EF76541}.Ad-Hoc|ARM.ActiveCfg = Release|Any CPU
		{3F48E0DA-1AE4-484C-9DF8-A2583EF76541}.Ad-Hoc|ARM.Build.0 = Release|Any CPU
		{3F48E0DA-1AE4-484C-9DF8-A2583EF76541}.Ad-Hoc|iPhone.ActiveCfg = Release|Any CPU
		{3F48E0DA-1AE4-484C-9DF8-A2583EF76541}.Ad-Hoc|iPhone.Build.0 = Release|Any CPU
		{3F48E0DA-1AE4-484C-9DF8-A2583EF76541}.Ad-Hoc|iPhoneSimulator.ActiveCfg = Release|Any CPU
		{3F48E0DA-1AE4-484C-9DF8-A2583EF76541}.Ad-Hoc|iPhoneSimulator.Build.0 = Release|Any CPU
		{3F48E0DA-1AE4-484C-9DF8-A2583EF76541}.Ad-Hoc|x64.ActiveCfg = Release|Any CPU
		{3F48E0DA-1AE4-484C-9DF8-A2583EF76541}.Ad-Hoc|x64.Build.0 = Release|Any CPU
		{3F48E0DA-1AE4-484C-9DF8-A2583EF76541}.Ad-Hoc|x86.ActiveCfg = Release|Any CPU
		{3F48E0DA-1AE4-484C-9DF8-A2583EF76541}.Ad-Hoc|x86.Build.0 = Release|Any CPU
		{3F48E0DA-1AE4-484C-9DF8-A2583EF76541}.AppStore|Any CPU.ActiveCfg = Release|Any CPU
		{3F48E0DA-1AE4-484C-9DF8-A2583EF76541}.AppStore|Any CPU.Build.0 = Release|Any CPU
		{3F48E0DA-1AE4-484C-9DF8-A2583EF76541}.AppStore|ARM.ActiveCfg = Release|Any CPU
		{3F48E0DA-1AE4-484C-9DF8-A2583EF76541}.AppStore|ARM.Build.0 = Release|Any CPU
		{3F48E0DA-1AE4-484C-9DF8-A2583EF76541}.AppStore|iPhone.ActiveCfg = Release|Any CPU
		{3F48E0DA-1AE4-484C-9DF8-A2583EF76541}.AppStore|iPhone.Build.0 = Release|Any CPU
		{3F48E0DA-1AE4-484C-9DF8-A2583EF76541}.AppStore|iPhoneSimulator.ActiveCfg = Release|Any CPU
		{3F48E0DA-1AE4-484C-9DF8-A2583EF76541}.AppStore|iPhoneSimulator.Build.0 = Release|Any CPU
		{3F48E0DA-1AE4-484C-9DF8-A2583EF76541}.AppStore|x64.ActiveCfg = Release|Any CPU
		{3F48E0DA-1AE4-484C-9DF8-A2583EF76541}.AppStore|x64.Build.0 = Release|Any CPU
		{3F48E0DA-1AE4-484C-9DF8-A2583EF76541}.AppStore|x86.ActiveCfg = Release|Any CPU
		{3F48E0DA-1AE4-484C-9DF8-A2583EF76541}.AppStore|x86.Build.0 = Release|Any CPU
		{3F48E0DA-1AE4-484C-9DF8-A2583EF76541}.Debug|Any CPU.ActiveCfg = Debug|Any CPU
		{3F48E0DA-1AE4-484C-9DF8-A2583EF76541}.Debug|Any CPU.Build.0 = Debug|Any CPU
		{3F48E0DA-1AE4-484C-9DF8-A2583EF76541}.Debug|ARM.ActiveCfg = Debug|Any CPU
		{3F48E0DA-1AE4-484C-9DF8-A2583EF76541}.Debug|ARM.Build.0 = Debug|Any CPU
		{3F48E0DA-1AE4-484C-9DF8-A2583EF76541}.Debug|iPhone.ActiveCfg = Debug|Any CPU
		{3F48E0DA-1AE4-484C-9DF8-A2583EF76541}.Debug|iPhone.Build.0 = Debug|Any CPU
		{3F48E0DA-1AE4-484C-9DF8-A2583EF76541}.Debug|iPhoneSimulator.ActiveCfg = Debug|Any CPU
		{3F48E0DA-1AE4-484C-9DF8-A2583EF76541}.Debug|iPhoneSimulator.Build.0 = Debug|Any CPU
		{3F48E0DA-1AE4-484C-9DF8-A2583EF76541}.Debug|x64.ActiveCfg = Debug|Any CPU
		{3F48E0DA-1AE4-484C-9DF8-A2583EF76541}.Debug|x64.Build.0 = Debug|Any CPU
		{3F48E0DA-1AE4-484C-9DF8-A2583EF76541}.Debug|x86.ActiveCfg = Debug|Any CPU
		{3F48E0DA-1AE4-484C-9DF8-A2583EF76541}.Debug|x86.Build.0 = Debug|Any CPU
		{3F48E0DA-1AE4-484C-9DF8-A2583EF76541}.Release|Any CPU.ActiveCfg = Release|Any CPU
		{3F48E0DA-1AE4-484C-9DF8-A2583EF76541}.Release|Any CPU.Build.0 = Release|Any CPU
		{3F48E0DA-1AE4-484C-9DF8-A2583EF76541}.Release|ARM.ActiveCfg = Release|Any CPU
		{3F48E0DA-1AE4-484C-9DF8-A2583EF76541}.Release|ARM.Build.0 = Release|Any CPU
		{3F48E0DA-1AE4-484C-9DF8-A2583EF76541}.Release|iPhone.ActiveCfg = Release|Any CPU
		{3F48E0DA-1AE4-484C-9DF8-A2583EF76541}.Release|iPhone.Build.0 = Release|Any CPU
		{3F48E0DA-1AE4-484C-9DF8-A2583EF76541}.Release|iPhoneSimulator.ActiveCfg = Release|Any CPU
		{3F48E0DA-1AE4-484C-9DF8-A2583EF76541}.Release|iPhoneSimulator.Build.0 = Release|Any CPU
		{3F48E0DA-1AE4-484C-9DF8-A2583EF76541}.Release|x64.ActiveCfg = Release|Any CPU
		{3F48E0DA-1AE4-484C-9DF8-A2583EF76541}.Release|x64.Build.0 = Release|Any CPU
		{3F48E0DA-1AE4-484C-9DF8-A2583EF76541}.Release|x86.ActiveCfg = Release|Any CPU
		{3F48E0DA-1AE4-484C-9DF8-A2583EF76541}.Release|x86.Build.0 = Release|Any CPU
	EndGlobalSection
	GlobalSection(SolutionProperties) = preSolution
		HideSolutionNode = FALSE
	EndGlobalSection
	GlobalSection(NestedProjects) = preSolution
		{075ADEA1-1803-4F1A-8576-5C4F31CD125A} = {210C7F27-3730-4D72-AD21-292D709F1776}
		{1A682272-FF29-475E-99DC-B7BCFA961AB3} = {210C7F27-3730-4D72-AD21-292D709F1776}
		{12DD7D36-BA65-44CE-B833-55A73ED43184} = {210C7F27-3730-4D72-AD21-292D709F1776}
		{8D312048-3FAA-4090-A42E-749B73C66CB3} = {210C7F27-3730-4D72-AD21-292D709F1776}
		{AAF06B67-3538-4323-AD95-5DB6C55C08C7} = {210C7F27-3730-4D72-AD21-292D709F1776}
		{CF700E99-5F39-41ED-BA2D-D106F8126FC4} = {210C7F27-3730-4D72-AD21-292D709F1776}
		{20EA275D-D989-4B67-B615-0BAB36BF93A8} = {7F26CEA8-45F4-4599-981A-25B04BCD6E2B}
		{59B2A9B6-0BB0-4F57-A46E-56280C9CFFEE} = {7F26CEA8-45F4-4599-981A-25B04BCD6E2B}
		{5CED7538-15E4-4694-BDB4-DF2C10256CA5} = {29892468-926A-4BEC-928E-7E4799CF391A}
		{19B4C543-B1E0-4F90-9EAE-FE4C406F1334} = {29892468-926A-4BEC-928E-7E4799CF391A}
		{DFAF715D-EF16-4624-B8B9-0537A90E292E} = {29892468-926A-4BEC-928E-7E4799CF391A}
		{96ED2C3D-5F07-4949-B4F8-99AF04D49222} = {29892468-926A-4BEC-928E-7E4799CF391A}
		{3F48E0DA-1AE4-484C-9DF8-A2583EF76541} = {7F26CEA8-45F4-4599-981A-25B04BCD6E2B}
	EndGlobalSection
	GlobalSection(ExtensibilityGlobals) = postSolution
		EnterpriseLibraryConfigurationToolBinariesPathV6 = packages\EnterpriseLibrary.TransientFaultHandling.6.0.1304.0\lib\portable-net45+win+wp8
	EndGlobalSection
EndGlobal
